# auto-generated by grc.converter

id: gfdm_extract_burst_cc
label: Extract Burst
category: '[GFDM]'

parameters:
-   id: burst_len
    label: Burst length
    dtype: int
-   id: tag_backoff
    label: Burst Tag Backoff
    dtype: int
-   id: use_cfo_compensation
    label: Activate CFO compensation
    dtype: int
-   id: burst_start_tag
    label: Burst Start Tag
    dtype: string

inputs:
-   domain: stream
    dtype: complex

outputs:
-   domain: stream
    dtype: complex

templates:
    imports: import gfdm
    make: gfdm.extract_burst_cc(${burst_len}, ${tag_backoff}, ${burst_start_tag}, 0 < ${use_cfo_compensation})
    callbacks:
    - activate_cfo_compensation(0 < ${use_cfo_compensation})

file_format: 1
